{
    "name": "nodomui2.1",
    "version": "1.0.0",
    "lockfileVersion": 1,
    "requires": true,
    "dependencies": {
        "nodom": {
            "version": "2.4.0",
            "resolved": "https://registry.npm.taobao.org/nodom/download/nodom-2.4.0.tgz",
            "integrity": "sha1-3gmWWBTXF/uiHre+iRwmymxDfdg="
        },
        "nodomjs": {
            "version": "0.0.4-beta3",
            "resolved": "https://registry.nlark.com/nodomjs/download/nodomjs-0.0.4-beta3.tgz",
            "integrity": "sha1-GfGsAfilL2ahm4KDm/a8RngiVik="
        }
    }
}
